
Microsoft Visual Studio Solution File, Format Version 12.00
# Visual Studio Version 17
VisualStudioVersion = 17.3.32922.545
MinimumVisualStudioVersion = 10.0.40219.1
Project("{FAE04EC0-301F-11D3-BF4B-00C04F79EFBC}") = "Si", "Si.csproj", "{7D377C29-27E9-4284-8D61-F0FCEB78E989}"
EndProject
Global
	GlobalSection(SolutionConfigurationPlatforms) = preSolution
		Debug|Any CPU = Debug|Any CPU
		Release|Any CPU = Release|Any CPU
	EndGlobalSection
	GlobalSection(ProjectConfigurationPlatforms) = postSolution
		{7D377C29-27E9-4284-8D61-F0FCEB78E989}.Debug|Any CPU.ActiveCfg = Debug|Any CPU
		{7D377C29-27E9-4284-8D61-F0FCEB78E989}.Debug|Any CPU.Build.0 = Debug|Any CPU
		{7D377C29-27E9-4284-8D61-F0FCEB78E989}.Release|Any CPU.ActiveCfg = Release|Any CPU
		{7D377C29-27E9-4284-8D61-F0FCEB78E989}.Release|Any CPU.Build.0 = Release|Any CPU
	EndGlobalSection
	GlobalSection(SolutionProperties) = preSolution
		HideSolutionNode = FALSE
	EndGlobalSection
	GlobalSection(ExtensibilityGlobals) = postSolution
		SolutionGuid = {795D1536-F425-4F34-8E3E-F4A5338ED3E8}
	EndGlobalSection
EndGlobal
